// !$*UTF8*$!
{
	archiveVersion = 1;
	classes = {
	};
	objectVersion = 77;
	objects = {

/* Begin PBXBuildFile section */
		01E9C851AE2AFBF1C12F09F9 /* Assets.xcassets in Resources */ = {isa = PBXBuildFile; fileRef = 7DE881BB41EFEF6FD7443244 /* Assets.xcassets */; };
		041CE190E86B6C6013B5D705 /* SettingsRows.swift in Sources */ = {isa = PBXBuildFile; fileRef = 51DC0223CD9CD017A1DFB40F /* SettingsRows.swift */; };
		06B5BBB30960E8F05B6C8866 /* ZoomControls.swift in Sources */ = {isa = PBXBuildFile; fileRef = C30C216F6C0285110D3B2A87 /* ZoomControls.swift */; };
		09693BA46EA360C5604CC0DE /* ChartView.swift in Sources */ = {isa = PBXBuildFile; fileRef = 67B9484301248E7DF8AD6EE2 /* ChartView.swift */; };
		0B3C1DDDBE36EC375F1CA997 /* SettingsRows.swift in Sources */ = {isa = PBXBuildFile; fileRef = 51DC0223CD9CD017A1DFB40F /* SettingsRows.swift */; };
		0B449CF57106605B212E94E1 /* ViewState.swift in Sources */ = {isa = PBXBuildFile; fileRef = 9CB6CD8647C157FF2DE0ABD7 /* ViewState.swift */; };
		0BC91B15C4652260E6898412 /* Chrome.swift in Sources */ = {isa = PBXBuildFile; fileRef = A79681EADC27E70A6BB144FE /* Chrome.swift */; };
		0DA6ACA9A0F17896A25E501E /* TableSettingsView.swift in Sources */ = {isa = PBXBuildFile; fileRef = 431A74445447AA1F2909DF6A /* TableSettingsView.swift */; };
		0FC697E6E69C983F38573E8D /* Commands.swift in Sources */ = {isa = PBXBuildFile; fileRef = 0196916E70289224C21747BF /* Commands.swift */; };
		15BC02BD89536FECE4FD9DA8 /* PluginInstall.swift in Sources */ = {isa = PBXBuildFile; fileRef = 80EBC9B2F3AA3BE70089E8E3 /* PluginInstall.swift */; };
		22FBEBBD323D86CAF075720B /* PluginSettings.swift in Sources */ = {isa = PBXBuildFile; fileRef = 08AFF5DFF4C5B98F49516CBD /* PluginSettings.swift */; };
		23A8A25B8A24DC794BECADC9 /* OpenPanel.swift in Sources */ = {isa = PBXBuildFile; fileRef = 684AE423C6C360B8C64E8187 /* OpenPanel.swift */; };
		28789E88E2D8BAF2C249A8EB /* SettingsRows.swift in Sources */ = {isa = PBXBuildFile; fileRef = 51DC0223CD9CD017A1DFB40F /* SettingsRows.swift */; };
		299A310C79E6D3CED08E40D3 /* HUDOverlay.swift in Sources */ = {isa = PBXBuildFile; fileRef = 73EEFBC1A0D58A1F638D2C4E /* HUDOverlay.swift */; };
		29CB1F37867F87193EF62FE0 /* ChartEngine.swift in Sources */ = {isa = PBXBuildFile; fileRef = D93494B787207D29B6E118FD /* ChartEngine.swift */; };
		37EB7CF70D59783121BBB0CF /* Seabed.swift in Sources */ = {isa = PBXBuildFile; fileRef = 4AF7A344221893D606499AC7 /* Seabed.swift */; };
		3A67788E0E2ED9621CD190CB /* SettingsWindow.swift in Sources */ = {isa = PBXBuildFile; fileRef = 231885FFFF86BB739D2D973D /* SettingsWindow.swift */; };
		3AEC2EB57F7C98204385B3BC /* SearchField.swift in Sources */ = {isa = PBXBuildFile; fileRef = D26F78CDEC3CDA7C0807297F /* SearchField.swift */; };
		40182513C6508A173A6B21FA /* ZoomControls.swift in Sources */ = {isa = PBXBuildFile; fileRef = C30C216F6C0285110D3B2A87 /* ZoomControls.swift */; };
		42A3DD9FD5D8C818354CACB6 /* Metal.framework in Frameworks */ = {isa = PBXBuildFile; fileRef = 8FB061C18A2E1449AB1D30F1 /* Metal.framework */; };
		42B735FC5CA64B8F05069313 /* AltChartStyle.swift in Sources */ = {isa = PBXBuildFile; fileRef = 4417D066BB41E317736749E5 /* AltChartStyle.swift */; };
		436C6D46BB4C43BEC5F00D06 /* ChartLibrary.swift in Sources */ = {isa = PBXBuildFile; fileRef = 87C49C5ED2DF88A1B3E0A2F8 /* ChartLibrary.swift */; };
		4548BA266169EA2624ABCCCB /* SearchField.swift in Sources */ = {isa = PBXBuildFile; fileRef = D26F78CDEC3CDA7C0807297F /* SearchField.swift */; };
		4767147B03551B28D77C6E50 /* OwnShip.swift in Sources */ = {isa = PBXBuildFile; fileRef = 20D84589BE7C5E2663EC72ED /* OwnShip.swift */; };
		4AFD459ADCF20D012C896B5C /* QuartzCore.framework in Frameworks */ = {isa = PBXBuildFile; fileRef = 2C8CBCC22D9B7C1DD8FD68D3 /* QuartzCore.framework */; };
		4AFE0107998631BC8A80C3BD /* AISTraffic.swift in Sources */ = {isa = PBXBuildFile; fileRef = CC176DEF0F2C30D02AAA23AD /* AISTraffic.swift */; };
		4C4022915885B10AA22AA8D5 /* ChartTableView.swift in Sources */ = {isa = PBXBuildFile; fileRef = B5FD7CDD79BF2FAD6167C2CC /* ChartTableView.swift */; };
		4D685E82CE2D30D5ADB210A2 /* PluginTable.swift in Sources */ = {isa = PBXBuildFile; fileRef = 5B39D8DB2792CC7520B0F19D /* PluginTable.swift */; };
		4DCC3DBF302CBC272D2917EB /* UniformTypeIdentifiers.framework in Frameworks */ = {isa = PBXBuildFile; fileRef = 063DCA330E7899B8CCE880A8 /* UniformTypeIdentifiers.framework */; };
		4EAAB9271B43ED57E89CB0C5 /* PluginTableModel.swift in Sources */ = {isa = PBXBuildFile; fileRef = 9556AB15997797EE862A05EA /* PluginTableModel.swift */; };
		50C214AAD062B26FCB84D7BE /* RasterChartTests.swift in Sources */ = {isa = PBXBuildFile; fileRef = F3F841BB92E185C6D2C47A7A /* RasterChartTests.swift */; };
		5698DC1B6D3C29F86063204C /* SettingsView.swift in Sources */ = {isa = PBXBuildFile; fileRef = 08B62D296D34C231163DF7C2 /* SettingsView.swift */; };
		57378738FDB27CD3D2D7283F /* PluginTableModel.swift in Sources */ = {isa = PBXBuildFile; fileRef = 9556AB15997797EE862A05EA /* PluginTableModel.swift */; };
		58344883C8559763DE1E06FA /* LookoutMarineApp.swift in Sources */ = {isa = PBXBuildFile; fileRef = D05C37DB49A7E884DBA24E8A /* LookoutMarineApp.swift */; };
		58BBDFC93B595FE3C7654043 /* UIKit.framework in Frameworks */ = {isa = PBXBuildFile; fileRef = 9D5D7B15F4286B70544A80B2 /* UIKit.framework */; };
		5D53462731CD73801CBEEFC0 /* PluginTable.swift in Sources */ = {isa = PBXBuildFile; fileRef = 5B39D8DB2792CC7520B0F19D /* PluginTable.swift */; };
		5EDC1114355DA539A388C6C7 /* AISRows.swift in Sources */ = {isa = PBXBuildFile; fileRef = 9691E45FAC1F310677953B5A /* AISRows.swift */; };
		5EEDE95CAAAD509154C0E2A5 /* ChartSheet.swift in Sources */ = {isa = PBXBuildFile; fileRef = 0F176FB9274EC3AD3BBD8386 /* ChartSheet.swift */; };
		5FCDF96DB1801BB8DD88D600 /* Readouts.swift in Sources */ = {isa = PBXBuildFile; fileRef = E8E07550C7397F450575CA9D /* Readouts.swift */; };
		653CE95330DF23E664DEF928 /* PickReportView.swift in Sources */ = {isa = PBXBuildFile; fileRef = C17BF1C13BA2C8D28C156211 /* PickReportView.swift */; };
		6933BF417CA5E62DA1304F4B /* AltChartStyle.swift in Sources */ = {isa = PBXBuildFile; fileRef = 4417D066BB41E317736749E5 /* AltChartStyle.swift */; };
		6A33AC542EDC82BA0650E79B /* ViewState.swift in Sources */ = {isa = PBXBuildFile; fileRef = 9CB6CD8647C157FF2DE0ABD7 /* ViewState.swift */; };
		6A374B43E52E6493D2834C1F /* AppModel.swift in Sources */ = {isa = PBXBuildFile; fileRef = 867B3D3BE969AB708C6FD1A6 /* AppModel.swift */; };
		71EA32F9D090521AE54E59D6 /* US5MD1MC.pmtiles in Resources */ = {isa = PBXBuildFile; fileRef = C0AFD2A7363A62E3D7BA211B /* US5MD1MC.pmtiles */; };
		741DBF417DFA2D9172883B89 /* ChartSets.swift in Sources */ = {isa = PBXBuildFile; fileRef = EC58A9CE927EB0CDF26EA952 /* ChartSets.swift */; };
		792CE1AB477847126FB4B5E6 /* DepthField.swift in Sources */ = {isa = PBXBuildFile; fileRef = 7C34741C01C227A0250B01B4 /* DepthField.swift */; };
		794F744CA1B16C3E964E3040 /* ChartController.swift in Sources */ = {isa = PBXBuildFile; fileRef = 2F9C52C1DCB85A9CA7C2BD51 /* ChartController.swift */; };
		7C9515EC6EEA02E2CF9113D6 /* Chrome.swift in Sources */ = {isa = PBXBuildFile; fileRef = A79681EADC27E70A6BB144FE /* Chrome.swift */; };
		7F31972EABF2BAEA6A401CD5 /* AlertWatch.swift in Sources */ = {isa = PBXBuildFile; fileRef = 93839C4A4EDC35354A5B5BC4 /* AlertWatch.swift */; };
		8862EE1956820306F0BEF5E9 /* PluginAlerts.swift in Sources */ = {isa = PBXBuildFile; fileRef = 21E858D2FF612AEEA2CA8D76 /* PluginAlerts.swift */; };
		90C79F0BE83FB59039B890BF /* PluginTableView.swift in Sources */ = {isa = PBXBuildFile; fileRef = 164DA2408F09AB7A9DA21D6B /* PluginTableView.swift */; };
		91B57D70FFD84349D0B119A8 /* Commands.swift in Sources */ = {isa = PBXBuildFile; fileRef = 0196916E70289224C21747BF /* Commands.swift */; };
		9310F043177B162A821FDF99 /* Metal.framework in Frameworks */ = {isa = PBXBuildFile; fileRef = 8FB061C18A2E1449AB1D30F1 /* Metal.framework */; };
		93410ED10B7262DA9DDCE3BA /* CoreGraphics.framework in Frameworks */ = {isa = PBXBuildFile; fileRef = 7391C6EA25BA24468EDAD1AD /* CoreGraphics.framework */; };
		93E81FA3CE31250248FDC85C /* RealityKit.framework in Frameworks */ = {isa = PBXBuildFile; fileRef = 6D17DBA004144D3FA63E8762 /* RealityKit.framework */; };
		9E4DE2C59FB562D959E93877 /* MarinerSections.swift in Sources */ = {isa = PBXBuildFile; fileRef = 227014335EDED16C77E34822 /* MarinerSections.swift */; };
		A0B3F0E23FB9A4ACBB46836B /* Log.swift in Sources */ = {isa = PBXBuildFile; fileRef = E42D96745CB1ECBA4B954253 /* Log.swift */; };
		A15A33C5DB3AE5B4D6CA21AA /* PluginSettings.swift in Sources */ = {isa = PBXBuildFile; fileRef = 08AFF5DFF4C5B98F49516CBD /* PluginSettings.swift */; };
		A2167318FA9028D99B57EAAF /* PickReport.swift in Sources */ = {isa = PBXBuildFile; fileRef = 59E5805049B75D0B7A5BA9C5 /* PickReport.swift */; };
		A2480AA1E94033ABBF9B678F /* PluginInstall.swift in Sources */ = {isa = PBXBuildFile; fileRef = 80EBC9B2F3AA3BE70089E8E3 /* PluginInstall.swift */; };
		A8CCCA8E68A32C8744F4EF4E /* LookoutMarineApp.swift in Sources */ = {isa = PBXBuildFile; fileRef = CD44A08FEB31F35A253E7342 /* LookoutMarineApp.swift */; };
		ACCC72997FE812CF6DE1467F /* PluginAlerts.swift in Sources */ = {isa = PBXBuildFile; fileRef = 21E858D2FF612AEEA2CA8D76 /* PluginAlerts.swift */; };
		AF99BCFEF525D5291F010508 /* ChartBake.swift in Sources */ = {isa = PBXBuildFile; fileRef = 44DE7634B8D1E8049164F21C /* ChartBake.swift */; };
		B0C9CED213E42A7EC31B5EB1 /* CoreGraphics.framework in Frameworks */ = {isa = PBXBuildFile; fileRef = 7391C6EA25BA24468EDAD1AD /* CoreGraphics.framework */; };
		B1243028D1D1B63F902164E1 /* ChartBake.swift in Sources */ = {isa = PBXBuildFile; fileRef = 44DE7634B8D1E8049164F21C /* ChartBake.swift */; };
		B4249E18A6DC4E7D507DEDB2 /* PluginAlerts.swift in Sources */ = {isa = PBXBuildFile; fileRef = 21E858D2FF612AEEA2CA8D76 /* PluginAlerts.swift */; };
		B74DAD33F52BB26AA7AA1D6C /* QuartzCore.framework in Frameworks */ = {isa = PBXBuildFile; fileRef = 2C8CBCC22D9B7C1DD8FD68D3 /* QuartzCore.framework */; };
		B884496C571D0C49742E3299 /* AppModel.swift in Sources */ = {isa = PBXBuildFile; fileRef = 867B3D3BE969AB708C6FD1A6 /* AppModel.swift */; };
		BBD244E30F8F8CA10B219DAB /* PickDecoded.swift in Sources */ = {isa = PBXBuildFile; fileRef = 938C50DC1CD27497AA2AE816 /* PickDecoded.swift */; };
		BC54FEF869248CC5F789A8BE /* MarinerSettings.swift in Sources */ = {isa = PBXBuildFile; fileRef = 0ACD979758E1C7A0557028AA /* MarinerSettings.swift */; };
		BC8049D5CB5745F8CF9944BA /* OpenPanel.swift in Sources */ = {isa = PBXBuildFile; fileRef = 684AE423C6C360B8C64E8187 /* OpenPanel.swift */; };
		BF2EC533ED649118B72500B0 /* ChartController.swift in Sources */ = {isa = PBXBuildFile; fileRef = 2F9C52C1DCB85A9CA7C2BD51 /* ChartController.swift */; };
		C05F4D5EB4E32576C253AD19 /* Assets.xcassets in Resources */ = {isa = PBXBuildFile; fileRef = 8AE67031882048136AC3C4B2 /* Assets.xcassets */; };
		C82892E31FE36680817F7113 /* CompactHudTests.swift in Sources */ = {isa = PBXBuildFile; fileRef = 5E856FD037203427CE8B9E9C /* CompactHudTests.swift */; };
		C8C54E89875A8EB9DA570076 /* PluginTableModel.swift in Sources */ = {isa = PBXBuildFile; fileRef = 9556AB15997797EE862A05EA /* PluginTableModel.swift */; };
		C9F199C0DAD77677281937AD /* PickDecoded.swift in Sources */ = {isa = PBXBuildFile; fileRef = 938C50DC1CD27497AA2AE816 /* PickDecoded.swift */; };
		CB9505FE28D7F1F31FD08880 /* Platform.swift in Sources */ = {isa = PBXBuildFile; fileRef = 64750619C04C6E8FC58ADF3C /* Platform.swift */; };
		CF20FB0609D1194A9E4B8F16 /* PickReport.swift in Sources */ = {isa = PBXBuildFile; fileRef = 59E5805049B75D0B7A5BA9C5 /* PickReport.swift */; };
		D020623372094D2911F7FD7F /* MarinerSections.swift in Sources */ = {isa = PBXBuildFile; fileRef = 227014335EDED16C77E34822 /* MarinerSections.swift */; };
		D176B525964AF68362180AD2 /* AlertWatch.swift in Sources */ = {isa = PBXBuildFile; fileRef = 93839C4A4EDC35354A5B5BC4 /* AlertWatch.swift */; };
		D3A82191350619AF27200EF4 /* Platform.swift in Sources */ = {isa = PBXBuildFile; fileRef = 64750619C04C6E8FC58ADF3C /* Platform.swift */; };
		D3C9EDF041C3DB7F10C184B4 /* AlertWatch.swift in Sources */ = {isa = PBXBuildFile; fileRef = 93839C4A4EDC35354A5B5BC4 /* AlertWatch.swift */; };
		D68AF9FE4DC55817D2E1ADFE /* LookoutMarineApp.swift in Sources */ = {isa = PBXBuildFile; fileRef = D05C37DB49A7E884DBA24E8A /* LookoutMarineApp.swift */; };
		D95FCA469BFB008CE727CFD2 /* MarinerSections.swift in Sources */ = {isa = PBXBuildFile; fileRef = 227014335EDED16C77E34822 /* MarinerSections.swift */; };
		DAFCDF511109AE0461E947F2 /* ChartInteractionTests.swift in Sources */ = {isa = PBXBuildFile; fileRef = F71C72C16BAED59FED342AD2 /* ChartInteractionTests.swift */; };
		DBF21148428E64B8967824EC /* PickDecoded.swift in Sources */ = {isa = PBXBuildFile; fileRef = 938C50DC1CD27497AA2AE816 /* PickDecoded.swift */; };
		DE7488B0D16B988AAA2DEAF3 /* ChartSets.swift in Sources */ = {isa = PBXBuildFile; fileRef = EC58A9CE927EB0CDF26EA952 /* ChartSets.swift */; };
		DF1E1575E3BC273FCEA4A30E /* TableModel.swift in Sources */ = {isa = PBXBuildFile; fileRef = E257B6AEC0D5E6EFF2E1C664 /* TableModel.swift */; };
		E3DD122E6F0A0982478C6803 /* PluginSettings.swift in Sources */ = {isa = PBXBuildFile; fileRef = 08AFF5DFF4C5B98F49516CBD /* PluginSettings.swift */; };
		E61B9503386E0ABA58B6BEAF /* Chrome.swift in Sources */ = {isa = PBXBuildFile; fileRef = A79681EADC27E70A6BB144FE /* Chrome.swift */; };
		E64003666647657D54AE2A68 /* ChartView.swift in Sources */ = {isa = PBXBuildFile; fileRef = 67B9484301248E7DF8AD6EE2 /* ChartView.swift */; };
		E867BC062877B5D8A4F7D531 /* QuartzCore.framework in Frameworks */ = {isa = PBXBuildFile; fileRef = 2C8CBCC22D9B7C1DD8FD68D3 /* QuartzCore.framework */; };
		E88374AC97201A82AABB83C2 /* CoreGraphics.framework in Frameworks */ = {isa = PBXBuildFile; fileRef = 7391C6EA25BA24468EDAD1AD /* CoreGraphics.framework */; };
		ECECFDFE0FF0EF289D858D19 /* MarinerSettings.swift in Sources */ = {isa = PBXBuildFile; fileRef = 0ACD979758E1C7A0557028AA /* MarinerSettings.swift */; };
		F0BEF83589EF79DCF51DC90F /* Metal.framework in Frameworks */ = {isa = PBXBuildFile; fileRef = 8FB061C18A2E1449AB1D30F1 /* Metal.framework */; };
		F84839EF2608C611368BF909 /* MarinerSettings.swift in Sources */ = {isa = PBXBuildFile; fileRef = 0ACD979758E1C7A0557028AA /* MarinerSettings.swift */; };
		FA0A1A3D4513B2121791CD8E /* HUDOverlay.swift in Sources */ = {isa = PBXBuildFile; fileRef = 73EEFBC1A0D58A1F638D2C4E /* HUDOverlay.swift */; };
		FD40DB47DE285C1ACBC3B83C /* SettingsView.swift in Sources */ = {isa = PBXBuildFile; fileRef = 08B62D296D34C231163DF7C2 /* SettingsView.swift */; };
		FD9CA492CC32E134017339D9 /* UniformTypeIdentifiers.framework in Frameworks */ = {isa = PBXBuildFile; fileRef = 063DCA330E7899B8CCE880A8 /* UniformTypeIdentifiers.framework */; };
		FF271F85614ACC3553CB502F /* SettingsWindow.swift in Sources */ = {isa = PBXBuildFile; fileRef = 231885FFFF86BB739D2D973D /* SettingsWindow.swift */; };
/* End PBXBuildFile section */

/* Begin PBXContainerItemProxy section */
		CDFFA14B2286295D84D56D42 /* PBXContainerItemProxy */ = {
			isa = PBXContainerItemProxy;
			containerPortal = 2A01BBEEFB9BB3FB14C0C549 /* Project object */;
			proxyType = 1;
			remoteGlobalIDString = ABAEBDCFCC218F9164521159;
			remoteInfo = "LookoutMarine-iOS";
		};
/* End PBXContainerItemProxy section */

/* Begin PBXFileReference section */
		0196916E70289224C21747BF /* Commands.swift */ = {isa = PBXFileReference; lastKnownFileType = sourcecode.swift; path = Commands.swift; sourceTree = "<group>"; };
		063DCA330E7899B8CCE880A8 /* UniformTypeIdentifiers.framework */ = {isa = PBXFileReference; lastKnownFileType = wrapper.framework; name = UniformTypeIdentifiers.framework; path = System/Library/Frameworks/UniformTypeIdentifiers.framework; sourceTree = SDKROOT; };
		08AFF5DFF4C5B98F49516CBD /* PluginSettings.swift */ = {isa = PBXFileReference; lastKnownFileType = sourcecode.swift; path = PluginSettings.swift; sourceTree = "<group>"; };
		08B62D296D34C231163DF7C2 /* SettingsView.swift */ = {isa = PBXFileReference; lastKnownFileType = sourcecode.swift; path = SettingsView.swift; sourceTree = "<group>"; };
		0ACD979758E1C7A0557028AA /* MarinerSettings.swift */ = {isa = PBXFileReference; lastKnownFileType = sourcecode.swift; path = MarinerSettings.swift; sourceTree = "<group>"; };
		0F176FB9274EC3AD3BBD8386 /* ChartSheet.swift */ = {isa = PBXFileReference; lastKnownFileType = sourcecode.swift; path = ChartSheet.swift; sourceTree = "<group>"; };
		10B668C8717144E00D603812 /* LookoutMarine-iOS.app */ = {isa = PBXFileReference; includeInIndex = 0; lastKnownFileType = wrapper.application; path = "LookoutMarine-iOS.app"; sourceTree = BUILT_PRODUCTS_DIR; };
		164DA2408F09AB7A9DA21D6B /* PluginTableView.swift */ = {isa = PBXFileReference; lastKnownFileType = sourcecode.swift; path = PluginTableView.swift; sourceTree = "<group>"; };
		20D84589BE7C5E2663EC72ED /* OwnShip.swift */ = {isa = PBXFileReference; lastKnownFileType = sourcecode.swift; path = OwnShip.swift; sourceTree = "<group>"; };
		21E858D2FF612AEEA2CA8D76 /* PluginAlerts.swift */ = {isa = PBXFileReference; lastKnownFileType = sourcecode.swift; path = PluginAlerts.swift; sourceTree = "<group>"; };
		227014335EDED16C77E34822 /* MarinerSections.swift */ = {isa = PBXFileReference; lastKnownFileType = sourcecode.swift; path = MarinerSections.swift; sourceTree = "<group>"; };
		231885FFFF86BB739D2D973D /* SettingsWindow.swift */ = {isa = PBXFileReference; lastKnownFileType = sourcecode.swift; path = SettingsWindow.swift; sourceTree = "<group>"; };
		2C8CBCC22D9B7C1DD8FD68D3 /* QuartzCore.framework */ = {isa = PBXFileReference; lastKnownFileType = wrapper.framework; name = QuartzCore.framework; path = System/Library/Frameworks/QuartzCore.framework; sourceTree = SDKROOT; };
		2F9C52C1DCB85A9CA7C2BD51 /* ChartController.swift */ = {isa = PBXFileReference; lastKnownFileType = sourcecode.swift; path = ChartController.swift; sourceTree = "<group>"; };
		431A74445447AA1F2909DF6A /* TableSettingsView.swift */ = {isa = PBXFileReference; lastKnownFileType = sourcecode.swift; path = TableSettingsView.swift; sourceTree = "<group>"; };
		4417D066BB41E317736749E5 /* AltChartStyle.swift */ = {isa = PBXFileReference; lastKnownFileType = sourcecode.swift; path = AltChartStyle.swift; sourceTree = "<group>"; };
		44DE7634B8D1E8049164F21C /* ChartBake.swift */ = {isa = PBXFileReference; lastKnownFileType = sourcecode.swift; path = ChartBake.swift; sourceTree = "<group>"; };
		4AF7A344221893D606499AC7 /* Seabed.swift */ = {isa = PBXFileReference; lastKnownFileType = sourcecode.swift; path = Seabed.swift; sourceTree = "<group>"; };
		4C886CFA5BF1D5ED45BA18C8 /* LookoutMarine-visionOS.app */ = {isa = PBXFileReference; includeInIndex = 0; lastKnownFileType = wrapper.application; path = "LookoutMarine-visionOS.app"; sourceTree = BUILT_PRODUCTS_DIR; };
		51DC0223CD9CD017A1DFB40F /* SettingsRows.swift */ = {isa = PBXFileReference; lastKnownFileType = sourcecode.swift; path = SettingsRows.swift; sourceTree = "<group>"; };
		5624860C29AF07752A4CE208 /* Info.plist */ = {isa = PBXFileReference; lastKnownFileType = text.plist; path = Info.plist; sourceTree = "<group>"; };
		59E5805049B75D0B7A5BA9C5 /* PickReport.swift */ = {isa = PBXFileReference; lastKnownFileType = sourcecode.swift; path = PickReport.swift; sourceTree = "<group>"; };
		5B39D8DB2792CC7520B0F19D /* PluginTable.swift */ = {isa = PBXFileReference; lastKnownFileType = sourcecode.swift; path = PluginTable.swift; sourceTree = "<group>"; };
		5E856FD037203427CE8B9E9C /* CompactHudTests.swift */ = {isa = PBXFileReference; lastKnownFileType = sourcecode.swift; path = CompactHudTests.swift; sourceTree = "<group>"; };
		64750619C04C6E8FC58ADF3C /* Platform.swift */ = {isa = PBXFileReference; lastKnownFileType = sourcecode.swift; path = Platform.swift; sourceTree = "<group>"; };
		67B9484301248E7DF8AD6EE2 /* ChartView.swift */ = {isa = PBXFileReference; lastKnownFileType = sourcecode.swift; path = ChartView.swift; sourceTree = "<group>"; };
		684AE423C6C360B8C64E8187 /* OpenPanel.swift */ = {isa = PBXFileReference; lastKnownFileType = sourcecode.swift; path = OpenPanel.swift; sourceTree = "<group>"; };
		6D17DBA004144D3FA63E8762 /* RealityKit.framework */ = {isa = PBXFileReference; lastKnownFileType = wrapper.framework; name = RealityKit.framework; path = System/Library/Frameworks/RealityKit.framework; sourceTree = SDKROOT; };
		7391C6EA25BA24468EDAD1AD /* CoreGraphics.framework */ = {isa = PBXFileReference; lastKnownFileType = wrapper.framework; name = CoreGraphics.framework; path = System/Library/Frameworks/CoreGraphics.framework; sourceTree = SDKROOT; };
		73EEFBC1A0D58A1F638D2C4E /* HUDOverlay.swift */ = {isa = PBXFileReference; lastKnownFileType = sourcecode.swift; path = HUDOverlay.swift; sourceTree = "<group>"; };
		7C34741C01C227A0250B01B4 /* DepthField.swift */ = {isa = PBXFileReference; lastKnownFileType = sourcecode.swift; path = DepthField.swift; sourceTree = "<group>"; };
		7DE881BB41EFEF6FD7443244 /* Assets.xcassets */ = {isa = PBXFileReference; lastKnownFileType = folder.assetcatalog; path = Assets.xcassets; sourceTree = "<group>"; };
		80EBC9B2F3AA3BE70089E8E3 /* PluginInstall.swift */ = {isa = PBXFileReference; lastKnownFileType = sourcecode.swift; path = PluginInstall.swift; sourceTree = "<group>"; };
		83AF7086DBC878D127FE70BD /* LookoutMarine-iOS-UITests.xctest */ = {isa = PBXFileReference; includeInIndex = 0; lastKnownFileType = wrapper.cfbundle; path = "LookoutMarine-iOS-UITests.xctest"; sourceTree = BUILT_PRODUCTS_DIR; };
		867B3D3BE969AB708C6FD1A6 /* AppModel.swift */ = {isa = PBXFileReference; lastKnownFileType = sourcecode.swift; path = AppModel.swift; sourceTree = "<group>"; };
		87C49C5ED2DF88A1B3E0A2F8 /* ChartLibrary.swift */ = {isa = PBXFileReference; lastKnownFileType = sourcecode.swift; path = ChartLibrary.swift; sourceTree = "<group>"; };
		8AE67031882048136AC3C4B2 /* Assets.xcassets */ = {isa = PBXFileReference; lastKnownFileType = folder.assetcatalog; path = Assets.xcassets; sourceTree = "<group>"; };
		8FB061C18A2E1449AB1D30F1 /* Metal.framework */ = {isa = PBXFileReference; lastKnownFileType = wrapper.framework; name = Metal.framework; path = System/Library/Frameworks/Metal.framework; sourceTree = SDKROOT; };
		93839C4A4EDC35354A5B5BC4 /* AlertWatch.swift */ = {isa = PBXFileReference; lastKnownFileType = sourcecode.swift; path = AlertWatch.swift; sourceTree = "<group>"; };
		938C50DC1CD27497AA2AE816 /* PickDecoded.swift */ = {isa = PBXFileReference; lastKnownFileType = sourcecode.swift; path = PickDecoded.swift; sourceTree = "<group>"; };
		9556AB15997797EE862A05EA /* PluginTableModel.swift */ = {isa = PBXFileReference; lastKnownFileType = sourcecode.swift; path = PluginTableModel.swift; sourceTree = "<group>"; };
		9691E45FAC1F310677953B5A /* AISRows.swift */ = {isa = PBXFileReference; lastKnownFileType = sourcecode.swift; path = AISRows.swift; sourceTree = "<group>"; };
		9CB6CD8647C157FF2DE0ABD7 /* ViewState.swift */ = {isa = PBXFileReference; lastKnownFileType = sourcecode.swift; path = ViewState.swift; sourceTree = "<group>"; };
		9D5D7B15F4286B70544A80B2 /* UIKit.framework */ = {isa = PBXFileReference; lastKnownFileType = wrapper.framework; name = UIKit.framework; path = System/Library/Frameworks/UIKit.framework; sourceTree = SDKROOT; };
		A57FE65303362F648D2D13FF /* Info.plist */ = {isa = PBXFileReference; lastKnownFileType = text.plist; path = Info.plist; sourceTree = "<group>"; };
		A79681EADC27E70A6BB144FE /* Chrome.swift */ = {isa = PBXFileReference; lastKnownFileType = sourcecode.swift; path = Chrome.swift; sourceTree = "<group>"; };
		B5FD7CDD79BF2FAD6167C2CC /* ChartTableView.swift */ = {isa = PBXFileReference; lastKnownFileType = sourcecode.swift; path = ChartTableView.swift; sourceTree = "<group>"; };
		C0AFD2A7363A62E3D7BA211B /* US5MD1MC.pmtiles */ = {isa = PBXFileReference; path = US5MD1MC.pmtiles; sourceTree = "<group>"; };
		C17BF1C13BA2C8D28C156211 /* PickReportView.swift */ = {isa = PBXFileReference; lastKnownFileType = sourcecode.swift; path = PickReportView.swift; sourceTree = "<group>"; };
		C30C216F6C0285110D3B2A87 /* ZoomControls.swift */ = {isa = PBXFileReference; lastKnownFileType = sourcecode.swift; path = ZoomControls.swift; sourceTree = "<group>"; };
		CC176DEF0F2C30D02AAA23AD /* AISTraffic.swift */ = {isa = PBXFileReference; lastKnownFileType = sourcecode.swift; path = AISTraffic.swift; sourceTree = "<group>"; };
		CD44A08FEB31F35A253E7342 /* LookoutMarineApp.swift */ = {isa = PBXFileReference; lastKnownFileType = sourcecode.swift; path = LookoutMarineApp.swift; sourceTree = "<group>"; };
		D05C37DB49A7E884DBA24E8A /* LookoutMarineApp.swift */ = {isa = PBXFileReference; lastKnownFileType = sourcecode.swift; path = LookoutMarineApp.swift; sourceTree = "<group>"; };
		D26F78CDEC3CDA7C0807297F /* SearchField.swift */ = {isa = PBXFileReference; lastKnownFileType = sourcecode.swift; path = SearchField.swift; sourceTree = "<group>"; };
		D93494B787207D29B6E118FD /* ChartEngine.swift */ = {isa = PBXFileReference; lastKnownFileType = sourcecode.swift; path = ChartEngine.swift; sourceTree = "<group>"; };
		E23141A7B6CD0C9D1C2A89CA /* Bridging-Header.h */ = {isa = PBXFileReference; lastKnownFileType = sourcecode.c.h; path = "Bridging-Header.h"; sourceTree = "<group>"; };
		E257B6AEC0D5E6EFF2E1C664 /* TableModel.swift */ = {isa = PBXFileReference; lastKnownFileType = sourcecode.swift; path = TableModel.swift; sourceTree = "<group>"; };
		E42D96745CB1ECBA4B954253 /* Log.swift */ = {isa = PBXFileReference; lastKnownFileType = sourcecode.swift; path = Log.swift; sourceTree = "<group>"; };
		E8E07550C7397F450575CA9D /* Readouts.swift */ = {isa = PBXFileReference; lastKnownFileType = sourcecode.swift; path = Readouts.swift; sourceTree = "<group>"; };
		EC58A9CE927EB0CDF26EA952 /* ChartSets.swift */ = {isa = PBXFileReference; lastKnownFileType = sourcecode.swift; path = ChartSets.swift; sourceTree = "<group>"; };
		ED13ED6F6331B15BF3108AC5 /* Bridging-Header.h */ = {isa = PBXFileReference; lastKnownFileType = sourcecode.c.h; path = "Bridging-Header.h"; sourceTree = "<group>"; };
		F025332072E90FBEB0445CEB /* LookoutMarine.app */ = {isa = PBXFileReference; explicitFileType = wrapper.application; includeInIndex = 0; path = LookoutMarine.app; sourceTree = BUILT_PRODUCTS_DIR; };
		F3F841BB92E185C6D2C47A7A /* RasterChartTests.swift */ = {isa = PBXFileReference; lastKnownFileType = sourcecode.swift; path = RasterChartTests.swift; sourceTree = "<group>"; };
		F71C72C16BAED59FED342AD2 /* ChartInteractionTests.swift */ = {isa = PBXFileReference; lastKnownFileType = sourcecode.swift; path = ChartInteractionTests.swift; sourceTree = "<group>"; };
		FA314B5CAB2F0E35B1DE67D8 /* LookoutMarine.entitlements */ = {isa = PBXFileReference; lastKnownFileType = text.plist.entitlements; path = LookoutMarine.entitlements; sourceTree = "<group>"; };
/* End PBXFileReference section */

/* Begin PBXFrameworksBuildPhase section */
		0CBF278F6CFCF0D8A5C98A7B /* Frameworks */ = {
			isa = PBXFrameworksBuildPhase;
			buildActionMask = 2147483647;
			files = (
				F0BEF83589EF79DCF51DC90F /* Metal.framework in Frameworks */,
				E867BC062877B5D8A4F7D531 /* QuartzCore.framework in Frameworks */,
				93410ED10B7262DA9DDCE3BA /* CoreGraphics.framework in Frameworks */,
				FD9CA492CC32E134017339D9 /* UniformTypeIdentifiers.framework in Frameworks */,
			);
			runOnlyForDeploymentPostprocessing = 0;
		};
		252F361AD7A10AC0E79BCD4C /* Frameworks */ = {
			isa = PBXFrameworksBuildPhase;
			buildActionMask = 2147483647;
			files = (
				93E81FA3CE31250248FDC85C /* RealityKit.framework in Frameworks */,
				42A3DD9FD5D8C818354CACB6 /* Metal.framework in Frameworks */,
				B74DAD33F52BB26AA7AA1D6C /* QuartzCore.framework in Frameworks */,
				B0C9CED213E42A7EC31B5EB1 /* CoreGraphics.framework in Frameworks */,
			);
			runOnlyForDeploymentPostprocessing = 0;
		};
		DE9DB18C055E956FBC2E37C4 /* Frameworks */ = {
			isa = PBXFrameworksBuildPhase;
			buildActionMask = 2147483647;
			files = (
				58BBDFC93B595FE3C7654043 /* UIKit.framework in Frameworks */,
				9310F043177B162A821FDF99 /* Metal.framework in Frameworks */,
				4AFD459ADCF20D012C896B5C /* QuartzCore.framework in Frameworks */,
				E88374AC97201A82AABB83C2 /* CoreGraphics.framework in Frameworks */,
				4DCC3DBF302CBC272D2917EB /* UniformTypeIdentifiers.framework in Frameworks */,
			);
			runOnlyForDeploymentPostprocessing = 0;
		};
/* End PBXFrameworksBuildPhase section */

/* Begin PBXGroup section */
		03D60F73A6EF0CE678D0A090 /* UITests */ = {
			isa = PBXGroup;
			children = (
				F71C72C16BAED59FED342AD2 /* ChartInteractionTests.swift */,
				5E856FD037203427CE8B9E9C /* CompactHudTests.swift */,
				F3F841BB92E185C6D2C47A7A /* RasterChartTests.swift */,
			);
			path = UITests;
			sourceTree = "<group>";
		};
		066E288701BD08B9A8DA8053 = {
			isa = PBXGroup;
			children = (
				CD4FAE3E28281B9C951CDA4C /* Charts */,
				07C95FD4CA4CE030EBFCDA6E /* LookoutMarine */,
				ED19BA04DDD9AB8A5952A5A0 /* LookoutMarine-iOS */,
				199D03F5A92A931696942775 /* LookoutMarine-visionOS */,
				87EF150269B4560D22106C89 /* Frameworks */,
				CCC54782152F8720212B3D54 /* Products */,
			);
			sourceTree = "<group>";
		};
		07C95FD4CA4CE030EBFCDA6E /* LookoutMarine */ = {
			isa = PBXGroup;
			children = (
				93839C4A4EDC35354A5B5BC4 /* AlertWatch.swift */,
				4417D066BB41E317736749E5 /* AltChartStyle.swift */,
				867B3D3BE969AB708C6FD1A6 /* AppModel.swift */,
				8AE67031882048136AC3C4B2 /* Assets.xcassets */,
				ED13ED6F6331B15BF3108AC5 /* Bridging-Header.h */,
				44DE7634B8D1E8049164F21C /* ChartBake.swift */,
				2F9C52C1DCB85A9CA7C2BD51 /* ChartController.swift */,
				EC58A9CE927EB0CDF26EA952 /* ChartSets.swift */,
				67B9484301248E7DF8AD6EE2 /* ChartView.swift */,
				A79681EADC27E70A6BB144FE /* Chrome.swift */,
				0196916E70289224C21747BF /* Commands.swift */,
				73EEFBC1A0D58A1F638D2C4E /* HUDOverlay.swift */,
				5624860C29AF07752A4CE208 /* Info.plist */,
				FA314B5CAB2F0E35B1DE67D8 /* LookoutMarine.entitlements */,
				D05C37DB49A7E884DBA24E8A /* LookoutMarineApp.swift */,
				227014335EDED16C77E34822 /* MarinerSections.swift */,
				0ACD979758E1C7A0557028AA /* MarinerSettings.swift */,
				684AE423C6C360B8C64E8187 /* OpenPanel.swift */,
				938C50DC1CD27497AA2AE816 /* PickDecoded.swift */,
				59E5805049B75D0B7A5BA9C5 /* PickReport.swift */,
				64750619C04C6E8FC58ADF3C /* Platform.swift */,
				21E858D2FF612AEEA2CA8D76 /* PluginAlerts.swift */,
				80EBC9B2F3AA3BE70089E8E3 /* PluginInstall.swift */,
				08AFF5DFF4C5B98F49516CBD /* PluginSettings.swift */,
				5B39D8DB2792CC7520B0F19D /* PluginTable.swift */,
				9556AB15997797EE862A05EA /* PluginTableModel.swift */,
				D26F78CDEC3CDA7C0807297F /* SearchField.swift */,
				51DC0223CD9CD017A1DFB40F /* SettingsRows.swift */,
				08B62D296D34C231163DF7C2 /* SettingsView.swift */,
				231885FFFF86BB739D2D973D /* SettingsWindow.swift */,
				9CB6CD8647C157FF2DE0ABD7 /* ViewState.swift */,
				C30C216F6C0285110D3B2A87 /* ZoomControls.swift */,
			);
			path = LookoutMarine;
			sourceTree = "<group>";
		};
		199D03F5A92A931696942775 /* LookoutMarine-visionOS */ = {
			isa = PBXGroup;
			children = (
				9691E45FAC1F310677953B5A /* AISRows.swift */,
				CC176DEF0F2C30D02AAA23AD /* AISTraffic.swift */,
				E23141A7B6CD0C9D1C2A89CA /* Bridging-Header.h */,
				D93494B787207D29B6E118FD /* ChartEngine.swift */,
				87C49C5ED2DF88A1B3E0A2F8 /* ChartLibrary.swift */,
				0F176FB9274EC3AD3BBD8386 /* ChartSheet.swift */,
				B5FD7CDD79BF2FAD6167C2CC /* ChartTableView.swift */,
				7C34741C01C227A0250B01B4 /* DepthField.swift */,
				A57FE65303362F648D2D13FF /* Info.plist */,
				E42D96745CB1ECBA4B954253 /* Log.swift */,
				CD44A08FEB31F35A253E7342 /* LookoutMarineApp.swift */,
				20D84589BE7C5E2663EC72ED /* OwnShip.swift */,
				C17BF1C13BA2C8D28C156211 /* PickReportView.swift */,
				164DA2408F09AB7A9DA21D6B /* PluginTableView.swift */,
				E8E07550C7397F450575CA9D /* Readouts.swift */,
				4AF7A344221893D606499AC7 /* Seabed.swift */,
				E257B6AEC0D5E6EFF2E1C664 /* TableModel.swift */,
				431A74445447AA1F2909DF6A /* TableSettingsView.swift */,
			);
			path = "LookoutMarine-visionOS";
			sourceTree = "<group>";
		};
		87EF150269B4560D22106C89 /* Frameworks */ = {
			isa = PBXGroup;
			children = (
				7391C6EA25BA24468EDAD1AD /* CoreGraphics.framework */,
				8FB061C18A2E1449AB1D30F1 /* Metal.framework */,
				2C8CBCC22D9B7C1DD8FD68D3 /* QuartzCore.framework */,
				6D17DBA004144D3FA63E8762 /* RealityKit.framework */,
				9D5D7B15F4286B70544A80B2 /* UIKit.framework */,
				063DCA330E7899B8CCE880A8 /* UniformTypeIdentifiers.framework */,
			);
			name = Frameworks;
			sourceTree = "<group>";
		};
		CCC54782152F8720212B3D54 /* Products */ = {
			isa = PBXGroup;
			children = (
				83AF7086DBC878D127FE70BD /* LookoutMarine-iOS-UITests.xctest */,
				10B668C8717144E00D603812 /* LookoutMarine-iOS.app */,
				4C886CFA5BF1D5ED45BA18C8 /* LookoutMarine-visionOS.app */,
				F025332072E90FBEB0445CEB /* LookoutMarine.app */,
			);
			name = Products;
			sourceTree = "<group>";
		};
		CD4FAE3E28281B9C951CDA4C /* Charts */ = {
			isa = PBXGroup;
			children = (
				C0AFD2A7363A62E3D7BA211B /* US5MD1MC.pmtiles */,
			);
			path = Charts;
			sourceTree = "<group>";
		};
		ED19BA04DDD9AB8A5952A5A0 /* LookoutMarine-iOS */ = {
			isa = PBXGroup;
			children = (
				7DE881BB41EFEF6FD7443244 /* Assets.xcassets */,
				03D60F73A6EF0CE678D0A090 /* UITests */,
			);
			path = "LookoutMarine-iOS";
			sourceTree = "<group>";
		};
/* End PBXGroup section */

/* Begin PBXNativeTarget section */
		7DC91D64E44F15978302A618 /* LookoutMarine-iOS-UITests */ = {
			isa = PBXNativeTarget;
			buildConfigurationList = EE5EA841DC1F5B39198C5A19 /* Build configuration list for PBXNativeTarget "LookoutMarine-iOS-UITests" */;
			buildPhases = (
				B766CF8E344761C5E94AAF48 /* Sources */,
			);
			buildRules = (
			);
			dependencies = (
				6FA04E319DB568F0458B79CF /* PBXTargetDependency */,
			);
			name = "LookoutMarine-iOS-UITests";
			packageProductDependencies = (
			);
			productName = "LookoutMarine-iOS-UITests";
			productReference = 83AF7086DBC878D127FE70BD /* LookoutMarine-iOS-UITests.xctest */;
			productType = "com.apple.product-type.bundle.ui-testing";
		};
		7EC83AAAF60FC76EC23D2701 /* LookoutMarine-visionOS */ = {
			isa = PBXNativeTarget;
			buildConfigurationList = F9FE0A17A8B2846528F3AD1F /* Build configuration list for PBXNativeTarget "LookoutMarine-visionOS" */;
			buildPhases = (
				CDD8EEB796DD7921B5A2107E /* Build the zig cores (lookout + tile57 dependency) */,
				B26CB3FD87E39BF4B1C75EAD /* Sources */,
				746DB68575C9ABE06BC443B2 /* Resources */,
				252F361AD7A10AC0E79BCD4C /* Frameworks */,
				AFCDF7C5E356E0FCBA54FB9E /* Bundle the core plugins into Resources/Plugins */,
			);
			buildRules = (
			);
			dependencies = (
			);
			name = "LookoutMarine-visionOS";
			packageProductDependencies = (
			);
			productName = "LookoutMarine-visionOS";
			productReference = 4C886CFA5BF1D5ED45BA18C8 /* LookoutMarine-visionOS.app */;
			productType = "com.apple.product-type.application";
		};
		98D5486F698D955D344F0F65 /* LookoutMarine */ = {
			isa = PBXNativeTarget;
			buildConfigurationList = 9C3ECF9BD93BBA14B99E5413 /* Build configuration list for PBXNativeTarget "LookoutMarine" */;
			buildPhases = (
				12C901C2FDEDBCF055D8FE42 /* Build the zig cores (lookout + tile57 dependency) */,
				71524DC6FB6E9C34F9DB5322 /* Sources */,
				EECEEC5E294F330C56C3B684 /* Resources */,
				0CBF278F6CFCF0D8A5C98A7B /* Frameworks */,
				22013F4BAE00C650342E4EEB /* Bundle the core plugins into Resources/Plugins */,
			);
			buildRules = (
			);
			dependencies = (
			);
			name = LookoutMarine;
			packageProductDependencies = (
			);
			productName = LookoutMarine;
			productReference = F025332072E90FBEB0445CEB /* LookoutMarine.app */;
			productType = "com.apple.product-type.application";
		};
		ABAEBDCFCC218F9164521159 /* LookoutMarine-iOS */ = {
			isa = PBXNativeTarget;
			buildConfigurationList = 06DB6226127DD37ADC6C301A /* Build configuration list for PBXNativeTarget "LookoutMarine-iOS" */;
			buildPhases = (
				B6511484AEE96D3C9CA44250 /* Build the zig cores (lookout + tile57 dependency) */,
				95BC3126A20103FF3F84572E /* Sources */,
				399642D64F4512B029E5E115 /* Resources */,
				DE9DB18C055E956FBC2E37C4 /* Frameworks */,
				A8E767BAB8808948D8A85425 /* Bundle the core plugins into Resources/Plugins */,
			);
			buildRules = (
			);
			dependencies = (
			);
			name = "LookoutMarine-iOS";
			packageProductDependencies = (
			);
			productName = "LookoutMarine-iOS";
			productReference = 10B668C8717144E00D603812 /* LookoutMarine-iOS.app */;
			productType = "com.apple.product-type.application";
		};
/* End PBXNativeTarget section */

/* Begin PBXProject section */
		2A01BBEEFB9BB3FB14C0C549 /* Project object */ = {
			isa = PBXProject;
			attributes = {
				BuildIndependentTargetsInParallel = YES;
				LastUpgradeCheck = 1430;
				TargetAttributes = {
					7DC91D64E44F15978302A618 = {
						ProvisioningStyle = Automatic;
						TestTargetID = ABAEBDCFCC218F9164521159;
					};
					7EC83AAAF60FC76EC23D2701 = {
						ProvisioningStyle = Automatic;
					};
					98D5486F698D955D344F0F65 = {
						ProvisioningStyle = Automatic;
					};
					ABAEBDCFCC218F9164521159 = {
						ProvisioningStyle = Automatic;
					};
				};
			};
			buildConfigurationList = ECA5CF36E3B3C0F2D2767E21 /* Build configuration list for PBXProject "LookoutMarine" */;
			developmentRegion = en;
			hasScannedForEncodings = 0;
			knownRegions = (
				Base,
				en,
			);
			mainGroup = 066E288701BD08B9A8DA8053;
			minimizedProjectReferenceProxies = 1;
			preferredProjectObjectVersion = 77;
			productRefGroup = CCC54782152F8720212B3D54 /* Products */;
			projectDirPath = "";
			projectRoot = "";
			targets = (
				98D5486F698D955D344F0F65 /* LookoutMarine */,
				ABAEBDCFCC218F9164521159 /* LookoutMarine-iOS */,
				7EC83AAAF60FC76EC23D2701 /* LookoutMarine-visionOS */,
				7DC91D64E44F15978302A618 /* LookoutMarine-iOS-UITests */,
			);
		};
/* End PBXProject section */

/* Begin PBXResourcesBuildPhase section */
		399642D64F4512B029E5E115 /* Resources */ = {
			isa = PBXResourcesBuildPhase;
			buildActionMask = 2147483647;
			files = (
				01E9C851AE2AFBF1C12F09F9 /* Assets.xcassets in Resources */,
			);
			runOnlyForDeploymentPostprocessing = 0;
		};
		746DB68575C9ABE06BC443B2 /* Resources */ = {
			isa = PBXResourcesBuildPhase;
			buildActionMask = 2147483647;
			files = (
				71EA32F9D090521AE54E59D6 /* US5MD1MC.pmtiles in Resources */,
			);
			runOnlyForDeploymentPostprocessing = 0;
		};
		EECEEC5E294F330C56C3B684 /* Resources */ = {
			isa = PBXResourcesBuildPhase;
			buildActionMask = 2147483647;
			files = (
				C05F4D5EB4E32576C253AD19 /* Assets.xcassets in Resources */,
			);
			runOnlyForDeploymentPostprocessing = 0;
		};
/* End PBXResourcesBuildPhase section */

/* Begin PBXShellScriptBuildPhase section */
		12C901C2FDEDBCF055D8FE42 /* Build the zig cores (lookout + tile57 dependency) */ = {
			isa = PBXShellScriptBuildPhase;
			alwaysOutOfDate = 1;
			buildActionMask = 2147483647;
			files = (
			);
			inputFileListPaths = (
			);
			inputPaths = (
			);
			name = "Build the zig cores (lookout + tile57 dependency)";
			outputFileListPaths = (
			);
			outputPaths = (
			);
			runOnlyForDeploymentPostprocessing = 0;
			shellPath = /bin/sh;
			shellScript = "\"$SRCROOT/build-core.sh\"";
		};
		22013F4BAE00C650342E4EEB /* Bundle the core plugins into Resources/Plugins */ = {
			isa = PBXShellScriptBuildPhase;
			alwaysOutOfDate = 1;
			buildActionMask = 2147483647;
			files = (
			);
			inputFileListPaths = (
			);
			inputPaths = (
			);
			name = "Bundle the core plugins into Resources/Plugins";
			outputFileListPaths = (
			);
			outputPaths = (
			);
			runOnlyForDeploymentPostprocessing = 0;
			shellPath = /bin/sh;
			shellScript = "\"$SRCROOT/bundle-plugins.sh\"";
		};
		A8E767BAB8808948D8A85425 /* Bundle the core plugins into Resources/Plugins */ = {
			isa = PBXShellScriptBuildPhase;
			alwaysOutOfDate = 1;
			buildActionMask = 2147483647;
			files = (
			);
			inputFileListPaths = (
			);
			inputPaths = (
			);
			name = "Bundle the core plugins into Resources/Plugins";
			outputFileListPaths = (
			);
			outputPaths = (
			);
			runOnlyForDeploymentPostprocessing = 0;
			shellPath = /bin/sh;
			shellScript = "\"$SRCROOT/bundle-plugins.sh\"";
		};
		AFCDF7C5E356E0FCBA54FB9E /* Bundle the core plugins into Resources/Plugins */ = {
			isa = PBXShellScriptBuildPhase;
			alwaysOutOfDate = 1;
			buildActionMask = 2147483647;
			files = (
			);
			inputFileListPaths = (
			);
			inputPaths = (
			);
			name = "Bundle the core plugins into Resources/Plugins";
			outputFileListPaths = (
			);
			outputPaths = (
			);
			runOnlyForDeploymentPostprocessing = 0;
			shellPath = /bin/sh;
			shellScript = "\"$SRCROOT/bundle-plugins.sh\"";
		};
		B6511484AEE96D3C9CA44250 /* Build the zig cores (lookout + tile57 dependency) */ = {
			isa = PBXShellScriptBuildPhase;
			alwaysOutOfDate = 1;
			buildActionMask = 2147483647;
			files = (
			);
			inputFileListPaths = (
			);
			inputPaths = (
			);
			name = "Build the zig cores (lookout + tile57 dependency)";
			outputFileListPaths = (
			);
			outputPaths = (
			);
			runOnlyForDeploymentPostprocessing = 0;
			shellPath = /bin/sh;
			shellScript = "\"$SRCROOT/build-core.sh\"";
		};
		CDD8EEB796DD7921B5A2107E /* Build the zig cores (lookout + tile57 dependency) */ = {
			isa = PBXShellScriptBuildPhase;
			alwaysOutOfDate = 1;
			buildActionMask = 2147483647;
			files = (
			);
			inputFileListPaths = (
			);
			inputPaths = (
			);
			name = "Build the zig cores (lookout + tile57 dependency)";
			outputFileListPaths = (
			);
			outputPaths = (
			);
			runOnlyForDeploymentPostprocessing = 0;
			shellPath = /bin/sh;
			shellScript = "\"$SRCROOT/build-core.sh\"";
		};
/* End PBXShellScriptBuildPhase section */

/* Begin PBXSourcesBuildPhase section */
		71524DC6FB6E9C34F9DB5322 /* Sources */ = {
			isa = PBXSourcesBuildPhase;
			buildActionMask = 2147483647;
			files = (
				D3C9EDF041C3DB7F10C184B4 /* AlertWatch.swift in Sources */,
				42B735FC5CA64B8F05069313 /* AltChartStyle.swift in Sources */,
				B884496C571D0C49742E3299 /* AppModel.swift in Sources */,
				B1243028D1D1B63F902164E1 /* ChartBake.swift in Sources */,
				794F744CA1B16C3E964E3040 /* ChartController.swift in Sources */,
				741DBF417DFA2D9172883B89 /* ChartSets.swift in Sources */,
				E64003666647657D54AE2A68 /* ChartView.swift in Sources */,
				7C9515EC6EEA02E2CF9113D6 /* Chrome.swift in Sources */,
				0FC697E6E69C983F38573E8D /* Commands.swift in Sources */,
				FA0A1A3D4513B2121791CD8E /* HUDOverlay.swift in Sources */,
				D68AF9FE4DC55817D2E1ADFE /* LookoutMarineApp.swift in Sources */,
				D020623372094D2911F7FD7F /* MarinerSections.swift in Sources */,
				ECECFDFE0FF0EF289D858D19 /* MarinerSettings.swift in Sources */,
				BC8049D5CB5745F8CF9944BA /* OpenPanel.swift in Sources */,
				BBD244E30F8F8CA10B219DAB /* PickDecoded.swift in Sources */,
				A2167318FA9028D99B57EAAF /* PickReport.swift in Sources */,
				CB9505FE28D7F1F31FD08880 /* Platform.swift in Sources */,
				ACCC72997FE812CF6DE1467F /* PluginAlerts.swift in Sources */,
				A2480AA1E94033ABBF9B678F /* PluginInstall.swift in Sources */,
				A15A33C5DB3AE5B4D6CA21AA /* PluginSettings.swift in Sources */,
				5D53462731CD73801CBEEFC0 /* PluginTable.swift in Sources */,
				57378738FDB27CD3D2D7283F /* PluginTableModel.swift in Sources */,
				3AEC2EB57F7C98204385B3BC /* SearchField.swift in Sources */,
				0B3C1DDDBE36EC375F1CA997 /* SettingsRows.swift in Sources */,
				5698DC1B6D3C29F86063204C /* SettingsView.swift in Sources */,
				FF271F85614ACC3553CB502F /* SettingsWindow.swift in Sources */,
				6A33AC542EDC82BA0650E79B /* ViewState.swift in Sources */,
				40182513C6508A173A6B21FA /* ZoomControls.swift in Sources */,
			);
			runOnlyForDeploymentPostprocessing = 0;
		};
		95BC3126A20103FF3F84572E /* Sources */ = {
			isa = PBXSourcesBuildPhase;
			buildActionMask = 2147483647;
			files = (
				7F31972EABF2BAEA6A401CD5 /* AlertWatch.swift in Sources */,
				6933BF417CA5E62DA1304F4B /* AltChartStyle.swift in Sources */,
				6A374B43E52E6493D2834C1F /* AppModel.swift in Sources */,
				AF99BCFEF525D5291F010508 /* ChartBake.swift in Sources */,
				BF2EC533ED649118B72500B0 /* ChartController.swift in Sources */,
				DE7488B0D16B988AAA2DEAF3 /* ChartSets.swift in Sources */,
				09693BA46EA360C5604CC0DE /* ChartView.swift in Sources */,
				0BC91B15C4652260E6898412 /* Chrome.swift in Sources */,
				91B57D70FFD84349D0B119A8 /* Commands.swift in Sources */,
				299A310C79E6D3CED08E40D3 /* HUDOverlay.swift in Sources */,
				58344883C8559763DE1E06FA /* LookoutMarineApp.swift in Sources */,
				D95FCA469BFB008CE727CFD2 /* MarinerSections.swift in Sources */,
				F84839EF2608C611368BF909 /* MarinerSettings.swift in Sources */,
				23A8A25B8A24DC794BECADC9 /* OpenPanel.swift in Sources */,
				C9F199C0DAD77677281937AD /* PickDecoded.swift in Sources */,
				CF20FB0609D1194A9E4B8F16 /* PickReport.swift in Sources */,
				D3A82191350619AF27200EF4 /* Platform.swift in Sources */,
				8862EE1956820306F0BEF5E9 /* PluginAlerts.swift in Sources */,
				15BC02BD89536FECE4FD9DA8 /* PluginInstall.swift in Sources */,
				22FBEBBD323D86CAF075720B /* PluginSettings.swift in Sources */,
				4D685E82CE2D30D5ADB210A2 /* PluginTable.swift in Sources */,
				4EAAB9271B43ED57E89CB0C5 /* PluginTableModel.swift in Sources */,
				4548BA266169EA2624ABCCCB /* SearchField.swift in Sources */,
				041CE190E86B6C6013B5D705 /* SettingsRows.swift in Sources */,
				FD40DB47DE285C1ACBC3B83C /* SettingsView.swift in Sources */,
				3A67788E0E2ED9621CD190CB /* SettingsWindow.swift in Sources */,
				0B449CF57106605B212E94E1 /* ViewState.swift in Sources */,
				06B5BBB30960E8F05B6C8866 /* ZoomControls.swift in Sources */,
			);
			runOnlyForDeploymentPostprocessing = 0;
		};
		B26CB3FD87E39BF4B1C75EAD /* Sources */ = {
			isa = PBXSourcesBuildPhase;
			buildActionMask = 2147483647;
			files = (
				5EDC1114355DA539A388C6C7 /* AISRows.swift in Sources */,
				4AFE0107998631BC8A80C3BD /* AISTraffic.swift in Sources */,
				D176B525964AF68362180AD2 /* AlertWatch.swift in Sources */,
				29CB1F37867F87193EF62FE0 /* ChartEngine.swift in Sources */,
				436C6D46BB4C43BEC5F00D06 /* ChartLibrary.swift in Sources */,
				5EEDE95CAAAD509154C0E2A5 /* ChartSheet.swift in Sources */,
				4C4022915885B10AA22AA8D5 /* ChartTableView.swift in Sources */,
				E61B9503386E0ABA58B6BEAF /* Chrome.swift in Sources */,
				792CE1AB477847126FB4B5E6 /* DepthField.swift in Sources */,
				A0B3F0E23FB9A4ACBB46836B /* Log.swift in Sources */,
				A8CCCA8E68A32C8744F4EF4E /* LookoutMarineApp.swift in Sources */,
				9E4DE2C59FB562D959E93877 /* MarinerSections.swift in Sources */,
				BC54FEF869248CC5F789A8BE /* MarinerSettings.swift in Sources */,
				4767147B03551B28D77C6E50 /* OwnShip.swift in Sources */,
				DBF21148428E64B8967824EC /* PickDecoded.swift in Sources */,
				653CE95330DF23E664DEF928 /* PickReportView.swift in Sources */,
				B4249E18A6DC4E7D507DEDB2 /* PluginAlerts.swift in Sources */,
				E3DD122E6F0A0982478C6803 /* PluginSettings.swift in Sources */,
				C8C54E89875A8EB9DA570076 /* PluginTableModel.swift in Sources */,
				90C79F0BE83FB59039B890BF /* PluginTableView.swift in Sources */,
				5FCDF96DB1801BB8DD88D600 /* Readouts.swift in Sources */,
				37EB7CF70D59783121BBB0CF /* Seabed.swift in Sources */,
				28789E88E2D8BAF2C249A8EB /* SettingsRows.swift in Sources */,
				DF1E1575E3BC273FCEA4A30E /* TableModel.swift in Sources */,
				0DA6ACA9A0F17896A25E501E /* TableSettingsView.swift in Sources */,
			);
			runOnlyForDeploymentPostprocessing = 0;
		};
		B766CF8E344761C5E94AAF48 /* Sources */ = {
			isa = PBXSourcesBuildPhase;
			buildActionMask = 2147483647;
			files = (
				DAFCDF511109AE0461E947F2 /* ChartInteractionTests.swift in Sources */,
				C82892E31FE36680817F7113 /* CompactHudTests.swift in Sources */,
				50C214AAD062B26FCB84D7BE /* RasterChartTests.swift in Sources */,
			);
			runOnlyForDeploymentPostprocessing = 0;
		};
/* End PBXSourcesBuildPhase section */

/* Begin PBXTargetDependency section */
		6FA04E319DB568F0458B79CF /* PBXTargetDependency */ = {
			isa = PBXTargetDependency;
			target = ABAEBDCFCC218F9164521159 /* LookoutMarine-iOS */;
			targetProxy = CDFFA14B2286295D84D56D42 /* PBXContainerItemProxy */;
		};
/* End PBXTargetDependency section */

/* Begin XCBuildConfiguration section */
		346A6E641061E902C34B07D5 /* Release */ = {
			isa = XCBuildConfiguration;
			buildSettings = {
				BUNDLE_LOADER = "$(TEST_HOST)";
				CODE_SIGN_STYLE = Automatic;
				GENERATE_INFOPLIST_FILE = YES;
				LD_RUNPATH_SEARCH_PATHS = (
					"$(inherited)",
					"@executable_path/Frameworks",
					"@loader_path/Frameworks",
				);
				PRODUCT_BUNDLE_IDENTIFIER = "org.beetlebug.lookout-marine-ios-uitests";
				SDKROOT = iphoneos;
				SWIFT_VERSION = 5.0;
				TARGETED_DEVICE_FAMILY = "1,2";
				TEST_TARGET_NAME = "LookoutMarine-iOS";
			};
			name = Release;
		};
		39D6E981C2796AC9775EDB47 /* Release */ = {
			isa = XCBuildConfiguration;
			buildSettings = {
				ARCHS = arm64;
				ASSETCATALOG_COMPILER_APPICON_NAME = AppIcon;
				CODE_SIGN_IDENTITY = "iPhone Developer";
				CODE_SIGN_STYLE = Automatic;
				CURRENT_PROJECT_VERSION = 1;
				ENABLE_USER_SCRIPT_SANDBOXING = NO;
				GENERATE_INFOPLIST_FILE = NO;
				HEADER_SEARCH_PATHS = (
					"$(SRCROOT)/../zig-out-$(PLATFORM_NAME)/include",
				);
				INFOPLIST_FILE = "LookoutMarine-iOS/Info.plist";
				LD_RUNPATH_SEARCH_PATHS = (
					"$(inherited)",
					"@executable_path/Frameworks",
				);
				LIBRARY_SEARCH_PATHS = (
					"$(SRCROOT)/../zig-out-$(PLATFORM_NAME)/lib",
				);
				MARKETING_VERSION = 0.1.0;
				OTHER_LDFLAGS = (
					"-llookoutall",
					"-lz",
				);
				PRODUCT_BUNDLE_IDENTIFIER = "org.beetlebug.lookout-marine-ios";
				PRODUCT_NAME = LookoutMarine;
				SDKROOT = iphoneos;
				SWIFT_OBJC_BRIDGING_HEADER = "LookoutMarine/Bridging-Header.h";
				SWIFT_VERSION = 5.0;
				TARGETED_DEVICE_FAMILY = "1,2";
			};
			name = Release;
		};
		5A69BBB902734D2289CFDEDA /* Release */ = {
			isa = XCBuildConfiguration;
			buildSettings = {
				ARCHS = arm64;
				ASSETCATALOG_COMPILER_APPICON_NAME = AppIcon;
				CODE_SIGN_STYLE = Automatic;
				CURRENT_PROJECT_VERSION = 1;
				ENABLE_USER_SCRIPT_SANDBOXING = NO;
				GENERATE_INFOPLIST_FILE = NO;
				HEADER_SEARCH_PATHS = (
					"$(SRCROOT)/../zig-out-$(PLATFORM_NAME)/include",
				);
				INFOPLIST_FILE = "LookoutMarine-visionOS/Info.plist";
				LD_RUNPATH_SEARCH_PATHS = (
					"$(inherited)",
					"@executable_path/Frameworks",
				);
				LIBRARY_SEARCH_PATHS = (
					"$(SRCROOT)/../zig-out-$(PLATFORM_NAME)/lib",
				);
				MARKETING_VERSION = 0.1.0;
				OTHER_LDFLAGS = (
					"-llookoutall",
					"-lz",
				);
				PRODUCT_BUNDLE_IDENTIFIER = "org.beetlebug.lookout-marine-visionos";
				PRODUCT_NAME = LookoutMarine;
				SDKROOT = xros;
				SWIFT_OBJC_BRIDGING_HEADER = "LookoutMarine-visionOS/Bridging-Header.h";
				SWIFT_VERSION = 5.0;
				TARGETED_DEVICE_FAMILY = 7;
			};
			name = Release;
		};
		6645E525B9E3871201EA361B /* Debug */ = {
			isa = XCBuildConfiguration;
			buildSettings = {
				BUNDLE_LOADER = "$(TEST_HOST)";
				CODE_SIGN_STYLE = Automatic;
				GENERATE_INFOPLIST_FILE = YES;
				LD_RUNPATH_SEARCH_PATHS = (
					"$(inherited)",
					"@executable_path/Frameworks",
					"@loader_path/Frameworks",
				);
				PRODUCT_BUNDLE_IDENTIFIER = "org.beetlebug.lookout-marine-ios-uitests";
				SDKROOT = iphoneos;
				SWIFT_VERSION = 5.0;
				TARGETED_DEVICE_FAMILY = "1,2";
				TEST_TARGET_NAME = "LookoutMarine-iOS";
			};
			name = Debug;
		};
		79B796714823EA4239E7EDD2 /* Debug */ = {
			isa = XCBuildConfiguration;
			buildSettings = {
				ALWAYS_SEARCH_USER_PATHS = NO;
				CLANG_ANALYZER_NONNULL = YES;
				CLANG_ANALYZER_NUMBER_OBJECT_CONVERSION = YES_AGGRESSIVE;
				CLANG_CXX_LANGUAGE_STANDARD = "gnu++14";
				CLANG_CXX_LIBRARY = "libc++";
				CLANG_ENABLE_MODULES = YES;
				CLANG_ENABLE_OBJC_ARC = YES;
				CLANG_ENABLE_OBJC_WEAK = YES;
				CLANG_WARN_BLOCK_CAPTURE_AUTORELEASING = YES;
				CLANG_WARN_BOOL_CONVERSION = YES;
				CLANG_WARN_COMMA = YES;
				CLANG_WARN_CONSTANT_CONVERSION = YES;
				CLANG_WARN_DEPRECATED_OBJC_IMPLEMENTATIONS = YES;
				CLANG_WARN_DIRECT_OBJC_ISA_USAGE = YES_ERROR;
				CLANG_WARN_DOCUMENTATION_COMMENTS = YES;
				CLANG_WARN_EMPTY_BODY = YES;
				CLANG_WARN_ENUM_CONVERSION = YES;
				CLANG_WARN_INFINITE_RECURSION = YES;
				CLANG_WARN_INT_CONVERSION = YES;
				CLANG_WARN_NON_LITERAL_NULL_CONVERSION = YES;
				CLANG_WARN_OBJC_IMPLICIT_RETAIN_SELF = YES;
				CLANG_WARN_OBJC_LITERAL_CONVERSION = YES;
				CLANG_WARN_OBJC_ROOT_CLASS = YES_ERROR;
				CLANG_WARN_QUOTED_INCLUDE_IN_FRAMEWORK_HEADER = YES;
				CLANG_WARN_RANGE_LOOP_ANALYSIS = YES;
				CLANG_WARN_STRICT_PROTOTYPES = YES;
				CLANG_WARN_SUSPICIOUS_MOVE = YES;
				CLANG_WARN_UNGUARDED_AVAILABILITY = YES_AGGRESSIVE;
				CLANG_WARN_UNREACHABLE_CODE = YES;
				CLANG_WARN__DUPLICATE_METHOD_MATCH = YES;
				COPY_PHASE_STRIP = NO;
				DEBUG_INFORMATION_FORMAT = dwarf;
				ENABLE_STRICT_OBJC_MSGSEND = YES;
				ENABLE_TESTABILITY = YES;
				GCC_C_LANGUAGE_STANDARD = gnu11;
				GCC_DYNAMIC_NO_PIC = NO;
				GCC_NO_COMMON_BLOCKS = YES;
				GCC_OPTIMIZATION_LEVEL = 0;
				GCC_PREPROCESSOR_DEFINITIONS = (
					"$(inherited)",
					"DEBUG=1",
				);
				GCC_WARN_64_TO_32_BIT_CONVERSION = YES;
				GCC_WARN_ABOUT_RETURN_TYPE = YES_ERROR;
				GCC_WARN_UNDECLARED_SELECTOR = YES;
				GCC_WARN_UNINITIALIZED_AUTOS = YES_AGGRESSIVE;
				GCC_WARN_UNUSED_FUNCTION = YES;
				GCC_WARN_UNUSED_VARIABLE = YES;
				IPHONEOS_DEPLOYMENT_TARGET = 26.0;
				MACOSX_DEPLOYMENT_TARGET = 26.0;
				MTL_ENABLE_DEBUG_INFO = INCLUDE_SOURCE;
				MTL_FAST_MATH = YES;
				ONLY_ACTIVE_ARCH = YES;
				PRODUCT_NAME = "$(TARGET_NAME)";
				SWIFT_ACTIVE_COMPILATION_CONDITIONS = DEBUG;
				SWIFT_OPTIMIZATION_LEVEL = "-Onone";
				SWIFT_VERSION = 5.0;
				XROS_DEPLOYMENT_TARGET = 26.0;
			};
			name = Debug;
		};
		7C11C373314ACB9C093F13E4 /* Debug */ = {
			isa = XCBuildConfiguration;
			buildSettings = {
				ARCHS = arm64;
				ASSETCATALOG_COMPILER_APPICON_NAME = AppIcon;
				CODE_SIGN_STYLE = Automatic;
				CURRENT_PROJECT_VERSION = 1;
				ENABLE_USER_SCRIPT_SANDBOXING = NO;
				GENERATE_INFOPLIST_FILE = NO;
				HEADER_SEARCH_PATHS = (
					"$(SRCROOT)/../zig-out-$(PLATFORM_NAME)/include",
				);
				INFOPLIST_FILE = "LookoutMarine-visionOS/Info.plist";
				LD_RUNPATH_SEARCH_PATHS = (
					"$(inherited)",
					"@executable_path/Frameworks",
				);
				LIBRARY_SEARCH_PATHS = (
					"$(SRCROOT)/../zig-out-$(PLATFORM_NAME)/lib",
				);
				MARKETING_VERSION = 0.1.0;
				OTHER_LDFLAGS = (
					"-llookoutall",
					"-lz",
				);
				PRODUCT_BUNDLE_IDENTIFIER = "org.beetlebug.lookout-marine-visionos";
				PRODUCT_NAME = LookoutMarine;
				SDKROOT = xros;
				SWIFT_OBJC_BRIDGING_HEADER = "LookoutMarine-visionOS/Bridging-Header.h";
				SWIFT_VERSION = 5.0;
				TARGETED_DEVICE_FAMILY = 7;
			};
			name = Debug;
		};
		B929C85E1916BDBF6EDC3F56 /* Release */ = {
			isa = XCBuildConfiguration;
			buildSettings = {
				ALWAYS_SEARCH_USER_PATHS = NO;
				CLANG_ANALYZER_NONNULL = YES;
				CLANG_ANALYZER_NUMBER_OBJECT_CONVERSION = YES_AGGRESSIVE;
				CLANG_CXX_LANGUAGE_STANDARD = "gnu++14";
				CLANG_CXX_LIBRARY = "libc++";
				CLANG_ENABLE_MODULES = YES;
				CLANG_ENABLE_OBJC_ARC = YES;
				CLANG_ENABLE_OBJC_WEAK = YES;
				CLANG_WARN_BLOCK_CAPTURE_AUTORELEASING = YES;
				CLANG_WARN_BOOL_CONVERSION = YES;
				CLANG_WARN_COMMA = YES;
				CLANG_WARN_CONSTANT_CONVERSION = YES;
				CLANG_WARN_DEPRECATED_OBJC_IMPLEMENTATIONS = YES;
				CLANG_WARN_DIRECT_OBJC_ISA_USAGE = YES_ERROR;
				CLANG_WARN_DOCUMENTATION_COMMENTS = YES;
				CLANG_WARN_EMPTY_BODY = YES;
				CLANG_WARN_ENUM_CONVERSION = YES;
				CLANG_WARN_INFINITE_RECURSION = YES;
				CLANG_WARN_INT_CONVERSION = YES;
				CLANG_WARN_NON_LITERAL_NULL_CONVERSION = YES;
				CLANG_WARN_OBJC_IMPLICIT_RETAIN_SELF = YES;
				CLANG_WARN_OBJC_LITERAL_CONVERSION = YES;
				CLANG_WARN_OBJC_ROOT_CLASS = YES_ERROR;
				CLANG_WARN_QUOTED_INCLUDE_IN_FRAMEWORK_HEADER = YES;
				CLANG_WARN_RANGE_LOOP_ANALYSIS = YES;
				CLANG_WARN_STRICT_PROTOTYPES = YES;
				CLANG_WARN_SUSPICIOUS_MOVE = YES;
				CLANG_WARN_UNGUARDED_AVAILABILITY = YES_AGGRESSIVE;
				CLANG_WARN_UNREACHABLE_CODE = YES;
				CLANG_WARN__DUPLICATE_METHOD_MATCH = YES;
				COPY_PHASE_STRIP = NO;
				DEBUG_INFORMATION_FORMAT = "dwarf-with-dsym";
				ENABLE_NS_ASSERTIONS = NO;
				ENABLE_STRICT_OBJC_MSGSEND = YES;
				GCC_C_LANGUAGE_STANDARD = gnu11;
				GCC_NO_COMMON_BLOCKS = YES;
				GCC_WARN_64_TO_32_BIT_CONVERSION = YES;
				GCC_WARN_ABOUT_RETURN_TYPE = YES_ERROR;
				GCC_WARN_UNDECLARED_SELECTOR = YES;
				GCC_WARN_UNINITIALIZED_AUTOS = YES_AGGRESSIVE;
				GCC_WARN_UNUSED_FUNCTION = YES;
				GCC_WARN_UNUSED_VARIABLE = YES;
				IPHONEOS_DEPLOYMENT_TARGET = 26.0;
				MACOSX_DEPLOYMENT_TARGET = 26.0;
				MTL_ENABLE_DEBUG_INFO = NO;
				MTL_FAST_MATH = YES;
				PRODUCT_NAME = "$(TARGET_NAME)";
				SWIFT_COMPILATION_MODE = wholemodule;
				SWIFT_OPTIMIZATION_LEVEL = "-O";
				SWIFT_VERSION = 5.0;
				XROS_DEPLOYMENT_TARGET = 26.0;
			};
			name = Release;
		};
		D4028988297387E7CCBFE1AB /* Release */ = {
			isa = XCBuildConfiguration;
			buildSettings = {
				ARCHS = arm64;
				ASSETCATALOG_COMPILER_APPICON_NAME = AppIcon;
				CODE_SIGN_ENTITLEMENTS = LookoutMarine/LookoutMarine.entitlements;
				CODE_SIGN_STYLE = Automatic;
				COMBINE_HIDPI_IMAGES = YES;
				CURRENT_PROJECT_VERSION = 1;
				ENABLE_USER_SCRIPT_SANDBOXING = NO;
				GENERATE_INFOPLIST_FILE = NO;
				HEADER_SEARCH_PATHS = (
					"$(SRCROOT)/../zig-out/include",
				);
				INFOPLIST_FILE = LookoutMarine/Info.plist;
				LD_RUNPATH_SEARCH_PATHS = (
					"$(inherited)",
					"@executable_path/../Frameworks",
				);
				LIBRARY_SEARCH_PATHS = (
					"$(SRCROOT)/../zig-out/lib",
				);
				MACOSX_DEPLOYMENT_TARGET = 26.0;
				MARKETING_VERSION = 0.1.0;
				OTHER_LDFLAGS = (
					"-llookoutall",
					"-lz",
				);
				PRODUCT_BUNDLE_IDENTIFIER = "org.beetlebug.lookout-marine";
				PRODUCT_NAME = LookoutMarine;
				SDKROOT = macosx;
				SWIFT_OBJC_BRIDGING_HEADER = "LookoutMarine/Bridging-Header.h";
				SWIFT_VERSION = 5.0;
			};
			name = Release;
		};
		F75E78BD1116101F48BF6436 /* Debug */ = {
			isa = XCBuildConfiguration;
			buildSettings = {
				ARCHS = arm64;
				ASSETCATALOG_COMPILER_APPICON_NAME = AppIcon;
				CODE_SIGN_IDENTITY = "iPhone Developer";
				CODE_SIGN_STYLE = Automatic;
				CURRENT_PROJECT_VERSION = 1;
				ENABLE_USER_SCRIPT_SANDBOXING = NO;
				GENERATE_INFOPLIST_FILE = NO;
				HEADER_SEARCH_PATHS = (
					"$(SRCROOT)/../zig-out-$(PLATFORM_NAME)/include",
				);
				INFOPLIST_FILE = "LookoutMarine-iOS/Info.plist";
				LD_RUNPATH_SEARCH_PATHS = (
					"$(inherited)",
					"@executable_path/Frameworks",
				);
				LIBRARY_SEARCH_PATHS = (
					"$(SRCROOT)/../zig-out-$(PLATFORM_NAME)/lib",
				);
				MARKETING_VERSION = 0.1.0;
				OTHER_LDFLAGS = (
					"-llookoutall",
					"-lz",
				);
				PRODUCT_BUNDLE_IDENTIFIER = "org.beetlebug.lookout-marine-ios";
				PRODUCT_NAME = LookoutMarine;
				SDKROOT = iphoneos;
				SWIFT_OBJC_BRIDGING_HEADER = "LookoutMarine/Bridging-Header.h";
				SWIFT_VERSION = 5.0;
				TARGETED_DEVICE_FAMILY = "1,2";
			};
			name = Debug;
		};
		F8E2B75C8A35030B2F8C1929 /* Debug */ = {
			isa = XCBuildConfiguration;
			buildSettings = {
				ARCHS = arm64;
				ASSETCATALOG_COMPILER_APPICON_NAME = AppIcon;
				CODE_SIGN_ENTITLEMENTS = LookoutMarine/LookoutMarine.entitlements;
				CODE_SIGN_STYLE = Automatic;
				COMBINE_HIDPI_IMAGES = YES;
				CURRENT_PROJECT_VERSION = 1;
				ENABLE_USER_SCRIPT_SANDBOXING = NO;
				GENERATE_INFOPLIST_FILE = NO;
				HEADER_SEARCH_PATHS = (
					"$(SRCROOT)/../zig-out/include",
				);
				INFOPLIST_FILE = LookoutMarine/Info.plist;
				LD_RUNPATH_SEARCH_PATHS = (
					"$(inherited)",
					"@executable_path/../Frameworks",
				);
				LIBRARY_SEARCH_PATHS = (
					"$(SRCROOT)/../zig-out/lib",
				);
				MACOSX_DEPLOYMENT_TARGET = 26.0;
				MARKETING_VERSION = 0.1.0;
				OTHER_LDFLAGS = (
					"-llookoutall",
					"-lz",
				);
				PRODUCT_BUNDLE_IDENTIFIER = "org.beetlebug.lookout-marine";
				PRODUCT_NAME = LookoutMarine;
				SDKROOT = macosx;
				SWIFT_OBJC_BRIDGING_HEADER = "LookoutMarine/Bridging-Header.h";
				SWIFT_VERSION = 5.0;
			};
			name = Debug;
		};
/* End XCBuildConfiguration section */

/* Begin XCConfigurationList section */
		06DB6226127DD37ADC6C301A /* Build configuration list for PBXNativeTarget "LookoutMarine-iOS" */ = {
			isa = XCConfigurationList;
			buildConfigurations = (
				F75E78BD1116101F48BF6436 /* Debug */,
				39D6E981C2796AC9775EDB47 /* Release */,
			);
			defaultConfigurationIsVisible = 0;
			defaultConfigurationName = Debug;
		};
		9C3ECF9BD93BBA14B99E5413 /* Build configuration list for PBXNativeTarget "LookoutMarine" */ = {
			isa = XCConfigurationList;
			buildConfigurations = (
				F8E2B75C8A35030B2F8C1929 /* Debug */,
				D4028988297387E7CCBFE1AB /* Release */,
			);
			defaultConfigurationIsVisible = 0;
			defaultConfigurationName = Debug;
		};
		ECA5CF36E3B3C0F2D2767E21 /* Build configuration list for PBXProject "LookoutMarine" */ = {
			isa = XCConfigurationList;
			buildConfigurations = (
				79B796714823EA4239E7EDD2 /* Debug */,
				B929C85E1916BDBF6EDC3F56 /* Release */,
			);
			defaultConfigurationIsVisible = 0;
			defaultConfigurationName = Debug;
		};
		EE5EA841DC1F5B39198C5A19 /* Build configuration list for PBXNativeTarget "LookoutMarine-iOS-UITests" */ = {
			isa = XCConfigurationList;
			buildConfigurations = (
				6645E525B9E3871201EA361B /* Debug */,
				346A6E641061E902C34B07D5 /* Release */,
			);
			defaultConfigurationIsVisible = 0;
			defaultConfigurationName = Debug;
		};
		F9FE0A17A8B2846528F3AD1F /* Build configuration list for PBXNativeTarget "LookoutMarine-visionOS" */ = {
			isa = XCConfigurationList;
			buildConfigurations = (
				7C11C373314ACB9C093F13E4 /* Debug */,
				5A69BBB902734D2289CFDEDA /* Release */,
			);
			defaultConfigurationIsVisible = 0;
			defaultConfigurationName = Debug;
		};
/* End XCConfigurationList section */
	};
	rootObject = 2A01BBEEFB9BB3FB14C0C549 /* Project object */;
}
